<?xml version="1.0" encoding="utf-8"?>
<Project ToolsVersion="4.0" xmlns="http://schemas.microsoft.com/developer/msbuild/2003">
  <ItemGroup>
    <MASM Include="ac_atan2.asm" />
    <MASM Include="io_functions.asm" />
    <MASM Include="main.asm" />
  </ItemGroup>
  <ItemGroup>
    <None Include="ac_atan2.inc" />
  </ItemGroup>
  <ItemGroup>
    <Text Include="input_data.txt" />
  </ItemGroup>
</Project>